langcode: en
status: true
dependencies:
  config:
    - field.storage.paragraph.field_block
    - paragraphs.paragraphs_type.block
  module:
    - datalayer
third_party_settings:
  datalayer:
    expose: 0
    label: field_block
id: paragraph.block.field_block
field_name: field_block
entity_type: paragraph
bundle: block
label: Block
description: ''
required: false
translatable: false
default_value: {  }
default_value_callback: ''
settings:
  handler: 'default_no_dep:block_content'
  handler_settings:
    target_bundles: null
    sort:
      field: _none
    auto_create: 0
    auto_create_bundle: feature_card
    target_bundles_no_dep:
      feature_card: feature_card
      paragraph_container: paragraph_container
field_type: entity_reference
